
Microsoft Visual Studio Solution File, Format Version 12.00
# Visual Studio 15
VisualStudioVersion = 15.0.27729.1
MinimumVisualStudioVersion = 10.0.40219.1
Project("{9A19103F-16F7-4668-BE54-9A1E7A4F7556}") = "EifelMono.QuickButDirty", "EifelMono.QuickButDirty\EifelMono.QuickButDirty.csproj", "{53EFA8A5-9A42-4335-9AA3-53FB3A48BBDE}"
EndProject
Project("{2150E333-8FDC-42A3-9474-1A3956D46DE8}") = "Solution Items", "Solution Items", "{7DF4C208-FAE7-4EB0-8C84-0C30B4177E0B}"
	ProjectSection(SolutionItems) = preProject
		.editorconfig = .editorconfig
	EndProjectSection
EndProject
Project("{2150E333-8FDC-42A3-9474-1A3956D46DE8}") = "TestUI", "TestUI", "{E74284B6-C47C-4B4A-831C-6DB1B6E394B3}"
EndProject
Project("{FAE04EC0-301F-11D3-BF4B-00C04F79EFBC}") = "TestNativeWPF", "TestNativeWPF\TestNativeWPF.csproj", "{63693CCF-5B0F-42BB-A40C-9913696B68DF}"
EndProject
Project("{FAE04EC0-301F-11D3-BF4B-00C04F79EFBC}") = "TestForms.Android", "TestForms\TestForms.Android\TestForms.Android.csproj", "{3319C97B-B5BF-4D8A-ACEE-C20EED404467}"
EndProject
Project("{FAE04EC0-301F-11D3-BF4B-00C04F79EFBC}") = "TestForms.iOS", "TestForms\TestForms.iOS\TestForms.iOS.csproj", "{5E4F4207-8BD1-474B-B9B6-3CD120AA3359}"
EndProject
Project("{FAE04EC0-301F-11D3-BF4B-00C04F79EFBC}") = "TestForms.UWP", "TestForms\TestForms.UWP\TestForms.UWP.csproj", "{F0B7A430-8AE4-4122-A5CC-2A43F106DDE9}"
EndProject
Project("{D954291E-2A0B-460D-934E-DC6B0785DB48}") = "TestForms", "TestForms\TestForms\TestForms.shproj", "{F452249F-6F33-49B2-8730-90417F021FDC}"
EndProject
Project("{2150E333-8FDC-42A3-9474-1A3956D46DE8}") = "Test", "Test", "{09B0579C-47B6-4B13-BA09-5DE5A314268E}"
EndProject
Project("{FAE04EC0-301F-11D3-BF4B-00C04F79EFBC}") = "TestForms.WPF", "TestForms\TestForms.WPF\TestForms.WPF.csproj", "{EE5BD3E6-0EA3-416E-82E9-A14C1091504A}"
EndProject
Global
	GlobalSection(SharedMSBuildProjectFiles) = preSolution
		TestForms\TestForms\TestForms.projitems*{3319c97b-b5bf-4d8a-acee-c20eed404467}*SharedItemsImports = 4
		TestForms\TestForms\TestForms.projitems*{5e4f4207-8bd1-474b-b9b6-3cd120aa3359}*SharedItemsImports = 4
		TestForms\TestForms\TestForms.projitems*{ee5bd3e6-0ea3-416e-82e9-a14c1091504a}*SharedItemsImports = 4
		TestForms\TestForms\TestForms.projitems*{f0b7a430-8ae4-4122-a5cc-2a43f106dde9}*SharedItemsImports = 4
		TestForms\TestForms\TestForms.projitems*{f452249f-6f33-49b2-8730-90417f021fdc}*SharedItemsImports = 13
	EndGlobalSection
	GlobalSection(SolutionConfigurationPlatforms) = preSolution
		Ad-Hoc|Any CPU = Ad-Hoc|Any CPU
		Ad-Hoc|ARM = Ad-Hoc|ARM
		Ad-Hoc|iPhone = Ad-Hoc|iPhone
		Ad-Hoc|iPhoneSimulator = Ad-Hoc|iPhoneSimulator
		Ad-Hoc|x64 = Ad-Hoc|x64
		Ad-Hoc|x86 = Ad-Hoc|x86
		AppStore|Any CPU = AppStore|Any CPU
		AppStore|ARM = AppStore|ARM
		AppStore|iPhone = AppStore|iPhone
		AppStore|iPhoneSimulator = AppStore|iPhoneSimulator
		AppStore|x64 = AppStore|x64
		AppStore|x86 = AppStore|x86
		Debug|Any CPU = Debug|Any CPU
		Debug|ARM = Debug|ARM
		Debug|iPhone = Debug|iPhone
		Debug|iPhoneSimulator = Debug|iPhoneSimulator
		Debug|x64 = Debug|x64
		Debug|x86 = Debug|x86
		Release|Any CPU = Release|Any CPU
		Release|ARM = Release|ARM
		Release|iPhone = Release|iPhone
		Release|iPhoneSimulator = Release|iPhoneSimulator
		Release|x64 = Release|x64
		Release|x86 = Release|x86
	EndGlobalSection
	GlobalSection(ProjectConfigurationPlatforms) = postSolution
		{53EFA8A5-9A42-4335-9AA3-53FB3A48BBDE}.Ad-Hoc|Any CPU.ActiveCfg = Debug|Any CPU
		{53EFA8A5-9A42-4335-9AA3-53FB3A48BBDE}.Ad-Hoc|Any CPU.Build.0 = Debug|Any CPU
		{53EFA8A5-9A42-4335-9AA3-53FB3A48BBDE}.Ad-Hoc|ARM.ActiveCfg = Debug|Any CPU
		{53EFA8A5-9A42-4335-9AA3-53FB3A48BBDE}.Ad-Hoc|ARM.Build.0 = Debug|Any CPU
		{53EFA8A5-9A42-4335-9AA3-53FB3A48BBDE}.Ad-Hoc|iPhone.ActiveCfg = Debug|Any CPU
		{53EFA8A5-9A42-4335-9AA3-53FB3A48BBDE}.Ad-Hoc|iPhone.Build.0 = Debug|Any CPU
		{53EFA8A5-9A42-4335-9AA3-53FB3A48BBDE}.Ad-Hoc|iPhoneSimulator.ActiveCfg = Debug|Any CPU
		{53EFA8A5-9A42-4335-9AA3-53FB3A48BBDE}.Ad-Hoc|iPhoneSimulator.Build.0 = Debug|Any CPU
		{53EFA8A5-9A42-4335-9AA3-53FB3A48BBDE}.Ad-Hoc|x64.ActiveCfg = Debug|Any CPU
		{53EFA8A5-9A42-4335-9AA3-53FB3A48BBDE}.Ad-Hoc|x64.Build.0 = Debug|Any CPU
		{53EFA8A5-9A42-4335-9AA3-53FB3A48BBDE}.Ad-Hoc|x86.ActiveCfg = Debug|Any CPU
		{53EFA8A5-9A42-4335-9AA3-53FB3A48BBDE}.Ad-Hoc|x86.Build.0 = Debug|Any CPU
		{53EFA8A5-9A42-4335-9AA3-53FB3A48BBDE}.AppStore|Any CPU.ActiveCfg = Debug|Any CPU
		{53EFA8A5-9A42-4335-9AA3-53FB3A48BBDE}.AppStore|Any CPU.Build.0 = Debug|Any CPU
		{53EFA8A5-9A42-4335-9AA3-53FB3A48BBDE}.AppStore|ARM.ActiveCfg = Debug|Any CPU
		{53EFA8A5-9A42-4335-9AA3-53FB3A48BBDE}.AppStore|ARM.Build.0 = Debug|Any CPU
		{53EFA8A5-9A42-4335-9AA3-53FB3A48BBDE}.AppStore|iPhone.ActiveCfg = Debug|Any CPU
		{53EFA8A5-9A42-4335-9AA3-53FB3A48BBDE}.AppStore|iPhone.Build.0 = Debug|Any CPU
		{53EFA8A5-9A42-4335-9AA3-53FB3A48BBDE}.AppStore|iPhoneSimulator.ActiveCfg = Debug|Any CPU
		{53EFA8A5-9A42-4335-9AA3-53FB3A48BBDE}.AppStore|iPhoneSimulator.Build.0 = Debug|Any CPU
		{53EFA8A5-9A42-4335-9AA3-53FB3A48BBDE}.AppStore|x64.ActiveCfg = Debug|Any CPU
		{53EFA8A5-9A42-4335-9AA3-53FB3A48BBDE}.AppStore|x64.Build.0 = Debug|Any CPU
		{53EFA8A5-9A42-4335-9AA3-53FB3A48BBDE}.AppStore|x86.ActiveCfg = Debug|Any CPU
		{53EFA8A5-9A42-4335-9AA3-53FB3A48BBDE}.AppStore|x86.Build.0 = Debug|Any CPU
		{53EFA8A5-9A42-4335-9AA3-53FB3A48BBDE}.Debug|Any CPU.ActiveCfg = Debug|Any CPU
		{53EFA8A5-9A42-4335-9AA3-53FB3A48BBDE}.Debug|Any CPU.Build.0 = Debug|Any CPU
		{53EFA8A5-9A42-4335-9AA3-53FB3A48BBDE}.Debug|ARM.ActiveCfg = Debug|Any CPU
		{53EFA8A5-9A42-4335-9AA3-53FB3A48BBDE}.Debug|ARM.Build.0 = Debug|Any CPU
		{53EFA8A5-9A42-4335-9AA3-53FB3A48BBDE}.Debug|iPhone.ActiveCfg = Debug|Any CPU
		{53EFA8A5-9A42-4335-9AA3-53FB3A48BBDE}.Debug|iPhone.Build.0 = Debug|Any CPU
		{53EFA8A5-9A42-4335-9AA3-53FB3A48BBDE}.Debug|iPhoneSimulator.ActiveCfg = Debug|Any CPU
		{53EFA8A5-9A42-4335-9AA3-53FB3A48BBDE}.Debug|iPhoneSimulator.Build.0 = Debug|Any CPU
		{53EFA8A5-9A42-4335-9AA3-53FB3A48BBDE}.Debug|x64.ActiveCfg = Debug|Any CPU
		{53EFA8A5-9A42-4335-9AA3-53FB3A48BBDE}.Debug|x64.Build.0 = Debug|Any CPU
		{53EFA8A5-9A42-4335-9AA3-53FB3A48BBDE}.Debug|x86.ActiveCfg = Debug|Any CPU
		{53EFA8A5-9A42-4335-9AA3-53FB3A48BBDE}.Debug|x86.Build.0 = Debug|Any CPU
		{53EFA8A5-9A42-4335-9AA3-53FB3A48BBDE}.Release|Any CPU.ActiveCfg = Release|Any CPU
		{53EFA8A5-9A42-4335-9AA3-53FB3A48BBDE}.Release|Any CPU.Build.0 = Release|Any CPU
		{53EFA8A5-9A42-4335-9AA3-53FB3A48BBDE}.Release|ARM.ActiveCfg = Release|Any CPU
		{53EFA8A5-9A42-4335-9AA3-53FB3A48BBDE}.Release|ARM.Build.0 = Release|Any CPU
		{53EFA8A5-9A42-4335-9AA3-53FB3A48BBDE}.Release|iPhone.ActiveCfg = Release|Any CPU
		{53EFA8A5-9A42-4335-9AA3-53FB3A48BBDE}.Release|iPhone.Build.0 = Release|Any CPU
		{53EFA8A5-9A42-4335-9AA3-53FB3A48BBDE}.Release|iPhoneSimulator.ActiveCfg = Release|Any CPU
		{53EFA8A5-9A42-4335-9AA3-53FB3A48BBDE}.Release|iPhoneSimulator.Build.0 = Release|Any CPU
		{53EFA8A5-9A42-4335-9AA3-53FB3A48BBDE}.Release|x64.ActiveCfg = Release|Any CPU
		{53EFA8A5-9A42-4335-9AA3-53FB3A48BBDE}.Release|x64.Build.0 = Release|Any CPU
		{53EFA8A5-9A42-4335-9AA3-53FB3A48BBDE}.Release|x86.ActiveCfg = Release|Any CPU
		{53EFA8A5-9A42-4335-9AA3-53FB3A48BBDE}.Release|x86.Build.0 = Release|Any CPU
		{63693CCF-5B0F-42BB-A40C-9913696B68DF}.Ad-Hoc|Any CPU.ActiveCfg = Release|Any CPU
		{63693CCF-5B0F-42BB-A40C-9913696B68DF}.Ad-Hoc|Any CPU.Build.0 = Release|Any CPU
		{63693CCF-5B0F-42BB-A40C-9913696B68DF}.Ad-Hoc|ARM.ActiveCfg = Release|Any CPU
		{63693CCF-5B0F-42BB-A40C-9913696B68DF}.Ad-Hoc|ARM.Build.0 = Release|Any CPU
		{63693CCF-5B0F-42BB-A40C-9913696B68DF}.Ad-Hoc|iPhone.ActiveCfg = Release|Any CPU
		{63693CCF-5B0F-42BB-A40C-9913696B68DF}.Ad-Hoc|iPhone.Build.0 = Release|Any CPU
		{63693CCF-5B0F-42BB-A40C-9913696B68DF}.Ad-Hoc|iPhoneSimulator.ActiveCfg = Release|Any CPU
		{63693CCF-5B0F-42BB-A40C-9913696B68DF}.Ad-Hoc|iPhoneSimulator.Build.0 = Release|Any CPU
		{63693CCF-5B0F-42BB-A40C-9913696B68DF}.Ad-Hoc|x64.ActiveCfg = Release|Any CPU
		{63693CCF-5B0F-42BB-A40C-9913696B68DF}.Ad-Hoc|x64.Build.0 = Release|Any CPU
		{63693CCF-5B0F-42BB-A40C-9913696B68DF}.Ad-Hoc|x86.ActiveCfg = Release|Any CPU
		{63693CCF-5B0F-42BB-A40C-9913696B68DF}.Ad-Hoc|x86.Build.0 = Release|Any CPU
		{63693CCF-5B0F-42BB-A40C-9913696B68DF}.AppStore|Any CPU.ActiveCfg = Release|Any CPU
		{63693CCF-5B0F-42BB-A40C-9913696B68DF}.AppStore|Any CPU.Build.0 = Release|Any CPU
		{63693CCF-5B0F-42BB-A40C-9913696B68DF}.AppStore|ARM.ActiveCfg = Release|Any CPU
		{63693CCF-5B0F-42BB-A40C-9913696B68DF}.AppStore|ARM.Build.0 = Release|Any CPU
		{63693CCF-5B0F-42BB-A40C-9913696B68DF}.AppStore|iPhone.ActiveCfg = Release|Any CPU
		{63693CCF-5B0F-42BB-A40C-9913696B68DF}.AppStore|iPhone.Build.0 = Release|Any CPU
		{63693CCF-5B0F-42BB-A40C-9913696B68DF}.AppStore|iPhoneSimulator.ActiveCfg = Release|Any CPU
		{63693CCF-5B0F-42BB-A40C-9913696B68DF}.AppStore|iPhoneSimulator.Build.0 = Release|Any CPU
		{63693CCF-5B0F-42BB-A40C-9913696B68DF}.AppStore|x64.ActiveCfg = Release|Any CPU
		{63693CCF-5B0F-42BB-A40C-9913696B68DF}.AppStore|x64.Build.0 = Release|Any CPU
		{63693CCF-5B0F-42BB-A40C-9913696B68DF}.AppStore|x86.ActiveCfg = Release|Any CPU
		{63693CCF-5B0F-42BB-A40C-9913696B68DF}.AppStore|x86.Build.0 = Release|Any CPU
		{63693CCF-5B0F-42BB-A40C-9913696B68DF}.Debug|Any CPU.ActiveCfg = Debug|Any CPU
		{63693CCF-5B0F-42BB-A40C-9913696B68DF}.Debug|Any CPU.Build.0 = Debug|Any CPU
		{63693CCF-5B0F-42BB-A40C-9913696B68DF}.Debug|ARM.ActiveCfg = Debug|Any CPU
		{63693CCF-5B0F-42BB-A40C-9913696B68DF}.Debug|ARM.Build.0 = Debug|Any CPU
		{63693CCF-5B0F-42BB-A40C-9913696B68DF}.Debug|iPhone.ActiveCfg = Debug|Any CPU
		{63693CCF-5B0F-42BB-A40C-9913696B68DF}.Debug|iPhone.Build.0 = Debug|Any CPU
		{63693CCF-5B0F-42BB-A40C-9913696B68DF}.Debug|iPhoneSimulator.ActiveCfg = Debug|Any CPU
		{63693CCF-5B0F-42BB-A40C-9913696B68DF}.Debug|iPhoneSimulator.Build.0 = Debug|Any CPU
		{63693CCF-5B0F-42BB-A40C-9913696B68DF}.Debug|x64.ActiveCfg = Debug|Any CPU
		{63693CCF-5B0F-42BB-A40C-9913696B68DF}.Debug|x64.Build.0 = Debug|Any CPU
		{63693CCF-5B0F-42BB-A40C-9913696B68DF}.Debug|x86.ActiveCfg = Debug|Any CPU
		{63693CCF-5B0F-42BB-A40C-9913696B68DF}.Debug|x86.Build.0 = Debug|Any CPU
		{63693CCF-5B0F-42BB-A40C-9913696B68DF}.Release|Any CPU.ActiveCfg = Release|Any CPU
		{63693CCF-5B0F-42BB-A40C-9913696B68DF}.Release|Any CPU.Build.0 = Release|Any CPU
		{63693CCF-5B0F-42BB-A40C-9913696B68DF}.Release|ARM.ActiveCfg = Release|Any CPU
		{63693CCF-5B0F-42BB-A40C-9913696B68DF}.Release|ARM.Build.0 = Release|Any CPU
		{63693CCF-5B0F-42BB-A40C-9913696B68DF}.Release|iPhone.ActiveCfg = Release|Any CPU
		{63693CCF-5B0F-42BB-A40C-9913696B68DF}.Release|iPhone.Build.0 = Release|Any CPU
		{63693CCF-5B0F-42BB-A40C-9913696B68DF}.Release|iPhoneSimulator.ActiveCfg = Release|Any CPU
		{63693CCF-5B0F-42BB-A40C-9913696B68DF}.Release|iPhoneSimulator.Build.0 = Release|Any CPU
		{63693CCF-5B0F-42BB-A40C-9913696B68DF}.Release|x64.ActiveCfg = Release|Any CPU
		{63693CCF-5B0F-42BB-A40C-9913696B68DF}.Release|x64.Build.0 = Release|Any CPU
		{63693CCF-5B0F-42BB-A40C-9913696B68DF}.Release|x86.ActiveCfg = Release|Any CPU
		{63693CCF-5B0F-42BB-A40C-9913696B68DF}.Release|x86.Build.0 = Release|Any CPU
		{3319C97B-B5BF-4D8A-ACEE-C20EED404467}.Ad-Hoc|Any CPU.ActiveCfg = Release|Any CPU
		{3319C97B-B5BF-4D8A-ACEE-C20EED404467}.Ad-Hoc|Any CPU.Build.0 = Release|Any CPU
		{3319C97B-B5BF-4D8A-ACEE-C20EED404467}.Ad-Hoc|Any CPU.Deploy.0 = Release|Any CPU
		{3319C97B-B5BF-4D8A-ACEE-C20EED404467}.Ad-Hoc|ARM.ActiveCfg = Release|Any CPU
		{3319C97B-B5BF-4D8A-ACEE-C20EED404467}.Ad-Hoc|ARM.Build.0 = Release|Any CPU
		{3319C97B-B5BF-4D8A-ACEE-C20EED404467}.Ad-Hoc|ARM.Deploy.0 = Release|Any CPU
		{3319C97B-B5BF-4D8A-ACEE-C20EED404467}.Ad-Hoc|iPhone.ActiveCfg = Release|Any CPU
		{3319C97B-B5BF-4D8A-ACEE-C20EED404467}.Ad-Hoc|iPhone.Build.0 = Release|Any CPU
		{3319C97B-B5BF-4D8A-ACEE-C20EED404467}.Ad-Hoc|iPhone.Deploy.0 = Release|Any CPU
		{3319C97B-B5BF-4D8A-ACEE-C20EED404467}.Ad-Hoc|iPhoneSimulator.ActiveCfg = Release|Any CPU
		{3319C97B-B5BF-4D8A-ACEE-C20EED404467}.Ad-Hoc|iPhoneSimulator.Build.0 = Release|Any CPU
		{3319C97B-B5BF-4D8A-ACEE-C20EED404467}.Ad-Hoc|iPhoneSimulator.Deploy.0 = Release|Any CPU
		{3319C97B-B5BF-4D8A-ACEE-C20EED404467}.Ad-Hoc|x64.ActiveCfg = Release|Any CPU
		{3319C97B-B5BF-4D8A-ACEE-C20EED404467}.Ad-Hoc|x64.Build.0 = Release|Any CPU
		{3319C97B-B5BF-4D8A-ACEE-C20EED404467}.Ad-Hoc|x64.Deploy.0 = Release|Any CPU
		{3319C97B-B5BF-4D8A-ACEE-C20EED404467}.Ad-Hoc|x86.ActiveCfg = Release|Any CPU
		{3319C97B-B5BF-4D8A-ACEE-C20EED404467}.Ad-Hoc|x86.Build.0 = Release|Any CPU
		{3319C97B-B5BF-4D8A-ACEE-C20EED404467}.Ad-Hoc|x86.Deploy.0 = Release|Any CPU
		{3319C97B-B5BF-4D8A-ACEE-C20EED404467}.AppStore|Any CPU.ActiveCfg = Release|Any CPU
		{3319C97B-B5BF-4D8A-ACEE-C20EED404467}.AppStore|Any CPU.Build.0 = Release|Any CPU
		{3319C97B-B5BF-4D8A-ACEE-C20EED404467}.AppStore|Any CPU.Deploy.0 = Release|Any CPU
		{3319C97B-B5BF-4D8A-ACEE-C20EED404467}.AppStore|ARM.ActiveCfg = Release|Any CPU
		{3319C97B-B5BF-4D8A-ACEE-C20EED404467}.AppStore|ARM.Build.0 = Release|Any CPU
		{3319C97B-B5BF-4D8A-ACEE-C20EED404467}.AppStore|ARM.Deploy.0 = Release|Any CPU
		{3319C97B-B5BF-4D8A-ACEE-C20EED404467}.AppStore|iPhone.ActiveCfg = Release|Any CPU
		{3319C97B-B5BF-4D8A-ACEE-C20EED404467}.AppStore|iPhone.Build.0 = Release|Any CPU
		{3319C97B-B5BF-4D8A-ACEE-C20EED404467}.AppStore|iPhone.Deploy.0 = Release|Any CPU
		{3319C97B-B5BF-4D8A-ACEE-C20EED404467}.AppStore|iPhoneSimulator.ActiveCfg = Release|Any CPU
		{3319C97B-B5BF-4D8A-ACEE-C20EED404467}.AppStore|iPhoneSimulator.Build.0 = Release|Any CPU
		{3319C97B-B5BF-4D8A-ACEE-C20EED404467}.AppStore|iPhoneSimulator.Deploy.0 = Release|Any CPU
		{3319C97B-B5BF-4D8A-ACEE-C20EED404467}.AppStore|x64.ActiveCfg = Release|Any CPU
		{3319C97B-B5BF-4D8A-ACEE-C20EED404467}.AppStore|x64.Build.0 = Release|Any CPU
		{3319C97B-B5BF-4D8A-ACEE-C20EED404467}.AppStore|x64.Deploy.0 = Release|Any CPU
		{3319C97B-B5BF-4D8A-ACEE-C20EED404467}.AppStore|x86.ActiveCfg = Release|Any CPU
		{3319C97B-B5BF-4D8A-ACEE-C20EED404467}.AppStore|x86.Build.0 = Release|Any CPU
		{3319C97B-B5BF-4D8A-ACEE-C20EED404467}.AppStore|x86.Deploy.0 = Release|Any CPU
		{3319C97B-B5BF-4D8A-ACEE-C20EED404467}.Debug|Any CPU.ActiveCfg = Debug|Any CPU
		{3319C97B-B5BF-4D8A-ACEE-C20EED404467}.Debug|Any CPU.Build.0 = Debug|Any CPU
		{3319C97B-B5BF-4D8A-ACEE-C20EED404467}.Debug|Any CPU.Deploy.0 = Debug|Any CPU
		{3319C97B-B5BF-4D8A-ACEE-C20EED404467}.Debug|ARM.ActiveCfg = Debug|Any CPU
		{3319C97B-B5BF-4D8A-ACEE-C20EED404467}.Debug|ARM.Build.0 = Debug|Any CPU
		{3319C97B-B5BF-4D8A-ACEE-C20EED404467}.Debug|ARM.Deploy.0 = Debug|Any CPU
		{3319C97B-B5BF-4D8A-ACEE-C20EED404467}.Debug|iPhone.ActiveCfg = Debug|Any CPU
		{3319C97B-B5BF-4D8A-ACEE-C20EED404467}.Debug|iPhone.Build.0 = Debug|Any CPU
		{3319C97B-B5BF-4D8A-ACEE-C20EED404467}.Debug|iPhone.Deploy.0 = Debug|Any CPU
		{3319C97B-B5BF-4D8A-ACEE-C20EED404467}.Debug|iPhoneSimulator.ActiveCfg = Debug|Any CPU
		{3319C97B-B5BF-4D8A-ACEE-C20EED404467}.Debug|iPhoneSimulator.Build.0 = Debug|Any CPU
		{3319C97B-B5BF-4D8A-ACEE-C20EED404467}.Debug|iPhoneSimulator.Deploy.0 = Debug|Any CPU
		{3319C97B-B5BF-4D8A-ACEE-C20EED404467}.Debug|x64.ActiveCfg = Debug|Any CPU
		{3319C97B-B5BF-4D8A-ACEE-C20EED404467}.Debug|x64.Build.0 = Debug|Any CPU
		{3319C97B-B5BF-4D8A-ACEE-C20EED404467}.Debug|x64.Deploy.0 = Debug|Any CPU
		{3319C97B-B5BF-4D8A-ACEE-C20EED404467}.Debug|x86.ActiveCfg = Debug|Any CPU
		{3319C97B-B5BF-4D8A-ACEE-C20EED404467}.Debug|x86.Build.0 = Debug|Any CPU
		{3319C97B-B5BF-4D8A-ACEE-C20EED404467}.Debug|x86.Deploy.0 = Debug|Any CPU
		{3319C97B-B5BF-4D8A-ACEE-C20EED404467}.Release|Any CPU.ActiveCfg = Release|Any CPU
		{3319C97B-B5BF-4D8A-ACEE-C20EED404467}.Release|Any CPU.Build.0 = Release|Any CPU
		{3319C97B-B5BF-4D8A-ACEE-C20EED404467}.Release|Any CPU.Deploy.0 = Release|Any CPU
		{3319C97B-B5BF-4D8A-ACEE-C20EED404467}.Release|ARM.ActiveCfg = Release|Any CPU
		{3319C97B-B5BF-4D8A-ACEE-C20EED404467}.Release|ARM.Build.0 = Release|Any CPU
		{3319C97B-B5BF-4D8A-ACEE-C20EED404467}.Release|ARM.Deploy.0 = Release|Any CPU
		{3319C97B-B5BF-4D8A-ACEE-C20EED404467}.Release|iPhone.ActiveCfg = Release|Any CPU
		{3319C97B-B5BF-4D8A-ACEE-C20EED404467}.Release|iPhone.Build.0 = Release|Any CPU
		{3319C97B-B5BF-4D8A-ACEE-C20EED404467}.Release|iPhone.Deploy.0 = Release|Any CPU
		{3319C97B-B5BF-4D8A-ACEE-C20EED404467}.Release|iPhoneSimulator.ActiveCfg = Release|Any CPU
		{3319C97B-B5BF-4D8A-ACEE-C20EED404467}.Release|iPhoneSimulator.Build.0 = Release|Any CPU
		{3319C97B-B5BF-4D8A-ACEE-C20EED404467}.Release|iPhoneSimulator.Deploy.0 = Release|Any CPU
		{3319C97B-B5BF-4D8A-ACEE-C20EED404467}.Release|x64.ActiveCfg = Release|Any CPU
		{3319C97B-B5BF-4D8A-ACEE-C20EED404467}.Release|x64.Build.0 = Release|Any CPU
		{3319C97B-B5BF-4D8A-ACEE-C20EED404467}.Release|x64.Deploy.0 = Release|Any CPU
		{3319C97B-B5BF-4D8A-ACEE-C20EED404467}.Release|x86.ActiveCfg = Release|Any CPU
		{3319C97B-B5BF-4D8A-ACEE-C20EED404467}.Release|x86.Build.0 = Release|Any CPU
		{3319C97B-B5BF-4D8A-ACEE-C20EED404467}.Release|x86.Deploy.0 = Release|Any CPU
		{5E4F4207-8BD1-474B-B9B6-3CD120AA3359}.Ad-Hoc|Any CPU.ActiveCfg = Ad-Hoc|iPhone
		{5E4F4207-8BD1-474B-B9B6-3CD120AA3359}.Ad-Hoc|ARM.ActiveCfg = Ad-Hoc|iPhone
		{5E4F4207-8BD1-474B-B9B6-3CD120AA3359}.Ad-Hoc|iPhone.ActiveCfg = Ad-Hoc|iPhone
		{5E4F4207-8BD1-474B-B9B6-3CD120AA3359}.Ad-Hoc|iPhone.Build.0 = Ad-Hoc|iPhone
		{5E4F4207-8BD1-474B-B9B6-3CD120AA3359}.Ad-Hoc|iPhoneSimulator.ActiveCfg = Ad-Hoc|iPhoneSimulator
		{5E4F4207-8BD1-474B-B9B6-3CD120AA3359}.Ad-Hoc|iPhoneSimulator.Build.0 = Ad-Hoc|iPhoneSimulator
		{5E4F4207-8BD1-474B-B9B6-3CD120AA3359}.Ad-Hoc|x64.ActiveCfg = Ad-Hoc|iPhone
		{5E4F4207-8BD1-474B-B9B6-3CD120AA3359}.Ad-Hoc|x86.ActiveCfg = Ad-Hoc|iPhone
		{5E4F4207-8BD1-474B-B9B6-3CD120AA3359}.AppStore|Any CPU.ActiveCfg = AppStore|iPhone
		{5E4F4207-8BD1-474B-B9B6-3CD120AA3359}.AppStore|ARM.ActiveCfg = AppStore|iPhone
		{5E4F4207-8BD1-474B-B9B6-3CD120AA3359}.AppStore|iPhone.ActiveCfg = AppStore|iPhone
		{5E4F4207-8BD1-474B-B9B6-3CD120AA3359}.AppStore|iPhone.Build.0 = AppStore|iPhone
		{5E4F4207-8BD1-474B-B9B6-3CD120AA3359}.AppStore|iPhoneSimulator.ActiveCfg = AppStore|iPhoneSimulator
		{5E4F4207-8BD1-474B-B9B6-3CD120AA3359}.AppStore|iPhoneSimulator.Build.0 = AppStore|iPhoneSimulator
		{5E4F4207-8BD1-474B-B9B6-3CD120AA3359}.AppStore|x64.ActiveCfg = AppStore|iPhone
		{5E4F4207-8BD1-474B-B9B6-3CD120AA3359}.AppStore|x86.ActiveCfg = AppStore|iPhone
		{5E4F4207-8BD1-474B-B9B6-3CD120AA3359}.Debug|Any CPU.ActiveCfg = Debug|iPhone
		{5E4F4207-8BD1-474B-B9B6-3CD120AA3359}.Debug|ARM.ActiveCfg = Debug|iPhone
		{5E4F4207-8BD1-474B-B9B6-3CD120AA3359}.Debug|iPhone.ActiveCfg = Debug|iPhone
		{5E4F4207-8BD1-474B-B9B6-3CD120AA3359}.Debug|iPhone.Build.0 = Debug|iPhone
		{5E4F4207-8BD1-474B-B9B6-3CD120AA3359}.Debug|iPhoneSimulator.ActiveCfg = Debug|iPhoneSimulator
		{5E4F4207-8BD1-474B-B9B6-3CD120AA3359}.Debug|iPhoneSimulator.Build.0 = Debug|iPhoneSimulator
		{5E4F4207-8BD1-474B-B9B6-3CD120AA3359}.Debug|x64.ActiveCfg = Debug|iPhone
		{5E4F4207-8BD1-474B-B9B6-3CD120AA3359}.Debug|x86.ActiveCfg = Debug|iPhone
		{5E4F4207-8BD1-474B-B9B6-3CD120AA3359}.Release|Any CPU.ActiveCfg = Release|iPhone
		{5E4F4207-8BD1-474B-B9B6-3CD120AA3359}.Release|ARM.ActiveCfg = Release|iPhone
		{5E4F4207-8BD1-474B-B9B6-3CD120AA3359}.Release|iPhone.ActiveCfg = Release|iPhone
		{5E4F4207-8BD1-474B-B9B6-3CD120AA3359}.Release|iPhone.Build.0 = Release|iPhone
		{5E4F4207-8BD1-474B-B9B6-3CD120AA3359}.Release|iPhoneSimulator.ActiveCfg = Release|iPhoneSimulator
		{5E4F4207-8BD1-474B-B9B6-3CD120AA3359}.Release|iPhoneSimulator.Build.0 = Release|iPhoneSimulator
		{5E4F4207-8BD1-474B-B9B6-3CD120AA3359}.Release|x64.ActiveCfg = Release|iPhone
		{5E4F4207-8BD1-474B-B9B6-3CD120AA3359}.Release|x86.ActiveCfg = Release|iPhone
		{F0B7A430-8AE4-4122-A5CC-2A43F106DDE9}.Ad-Hoc|Any CPU.ActiveCfg = Release|x86
		{F0B7A430-8AE4-4122-A5CC-2A43F106DDE9}.Ad-Hoc|Any CPU.Build.0 = Release|x86
		{F0B7A430-8AE4-4122-A5CC-2A43F106DDE9}.Ad-Hoc|Any CPU.Deploy.0 = Release|x86
		{F0B7A430-8AE4-4122-A5CC-2A43F106DDE9}.Ad-Hoc|ARM.ActiveCfg = Release|ARM
		{F0B7A430-8AE4-4122-A5CC-2A43F106DDE9}.Ad-Hoc|ARM.Build.0 = Release|ARM
		{F0B7A430-8AE4-4122-A5CC-2A43F106DDE9}.Ad-Hoc|ARM.Deploy.0 = Release|ARM
		{F0B7A430-8AE4-4122-A5CC-2A43F106DDE9}.Ad-Hoc|iPhone.ActiveCfg = Release|x86
		{F0B7A430-8AE4-4122-A5CC-2A43F106DDE9}.Ad-Hoc|iPhone.Build.0 = Release|x86
		{F0B7A430-8AE4-4122-A5CC-2A43F106DDE9}.Ad-Hoc|iPhone.Deploy.0 = Release|x86
		{F0B7A430-8AE4-4122-A5CC-2A43F106DDE9}.Ad-Hoc|iPhoneSimulator.ActiveCfg = Release|x86
		{F0B7A430-8AE4-4122-A5CC-2A43F106DDE9}.Ad-Hoc|iPhoneSimulator.Build.0 = Release|x86
		{F0B7A430-8AE4-4122-A5CC-2A43F106DDE9}.Ad-Hoc|iPhoneSimulator.Deploy.0 = Release|x86
		{F0B7A430-8AE4-4122-A5CC-2A43F106DDE9}.Ad-Hoc|x64.ActiveCfg = Release|x64
		{F0B7A430-8AE4-4122-A5CC-2A43F106DDE9}.Ad-Hoc|x64.Build.0 = Release|x64
		{F0B7A430-8AE4-4122-A5CC-2A43F106DDE9}.Ad-Hoc|x64.Deploy.0 = Release|x64
		{F0B7A430-8AE4-4122-A5CC-2A43F106DDE9}.Ad-Hoc|x86.ActiveCfg = Release|x86
		{F0B7A430-8AE4-4122-A5CC-2A43F106DDE9}.Ad-Hoc|x86.Build.0 = Release|x86
		{F0B7A430-8AE4-4122-A5CC-2A43F106DDE9}.Ad-Hoc|x86.Deploy.0 = Release|x86
		{F0B7A430-8AE4-4122-A5CC-2A43F106DDE9}.AppStore|Any CPU.ActiveCfg = Release|x86
		{F0B7A430-8AE4-4122-A5CC-2A43F106DDE9}.AppStore|Any CPU.Build.0 = Release|x86
		{F0B7A430-8AE4-4122-A5CC-2A43F106DDE9}.AppStore|Any CPU.Deploy.0 = Release|x86
		{F0B7A430-8AE4-4122-A5CC-2A43F106DDE9}.AppStore|ARM.ActiveCfg = Release|ARM
		{F0B7A430-8AE4-4122-A5CC-2A43F106DDE9}.AppStore|ARM.Build.0 = Release|ARM
		{F0B7A430-8AE4-4122-A5CC-2A43F106DDE9}.AppStore|ARM.Deploy.0 = Release|ARM
		{F0B7A430-8AE4-4122-A5CC-2A43F106DDE9}.AppStore|iPhone.ActiveCfg = Release|x86
		{F0B7A430-8AE4-4122-A5CC-2A43F106DDE9}.AppStore|iPhone.Build.0 = Release|x86
		{F0B7A430-8AE4-4122-A5CC-2A43F106DDE9}.AppStore|iPhone.Deploy.0 = Release|x86
		{F0B7A430-8AE4-4122-A5CC-2A43F106DDE9}.AppStore|iPhoneSimulator.ActiveCfg = Release|x86
		{F0B7A430-8AE4-4122-A5CC-2A43F106DDE9}.AppStore|iPhoneSimulator.Build.0 = Release|x86
		{F0B7A430-8AE4-4122-A5CC-2A43F106DDE9}.AppStore|iPhoneSimulator.Deploy.0 = Release|x86
		{F0B7A430-8AE4-4122-A5CC-2A43F106DDE9}.AppStore|x64.ActiveCfg = Release|x64
		{F0B7A430-8AE4-4122-A5CC-2A43F106DDE9}.AppStore|x64.Build.0 = Release|x64
		{F0B7A430-8AE4-4122-A5CC-2A43F106DDE9}.AppStore|x64.Deploy.0 = Release|x64
		{F0B7A430-8AE4-4122-A5CC-2A43F106DDE9}.AppStore|x86.ActiveCfg = Release|x86
		{F0B7A430-8AE4-4122-A5CC-2A43F106DDE9}.AppStore|x86.Build.0 = Release|x86
		{F0B7A430-8AE4-4122-A5CC-2A43F106DDE9}.AppStore|x86.Deploy.0 = Release|x86
		{F0B7A430-8AE4-4122-A5CC-2A43F106DDE9}.Debug|Any CPU.ActiveCfg = Debug|x86
		{F0B7A430-8AE4-4122-A5CC-2A43F106DDE9}.Debug|ARM.ActiveCfg = Debug|ARM
		{F0B7A430-8AE4-4122-A5CC-2A43F106DDE9}.Debug|ARM.Build.0 = Debug|ARM
		{F0B7A430-8AE4-4122-A5CC-2A43F106DDE9}.Debug|ARM.Deploy.0 = Debug|ARM
		{F0B7A430-8AE4-4122-A5CC-2A43F106DDE9}.Debug|iPhone.ActiveCfg = Debug|x86
		{F0B7A430-8AE4-4122-A5CC-2A43F106DDE9}.Debug|iPhoneSimulator.ActiveCfg = Debug|x86
		{F0B7A430-8AE4-4122-A5CC-2A43F106DDE9}.Debug|x64.ActiveCfg = Debug|x64
		{F0B7A430-8AE4-4122-A5CC-2A43F106DDE9}.Debug|x64.Build.0 = Debug|x64
		{F0B7A430-8AE4-4122-A5CC-2A43F106DDE9}.Debug|x64.Deploy.0 = Debug|x64
		{F0B7A430-8AE4-4122-A5CC-2A43F106DDE9}.Debug|x86.ActiveCfg = Debug|x86
		{F0B7A430-8AE4-4122-A5CC-2A43F106DDE9}.Debug|x86.Build.0 = Debug|x86
		{F0B7A430-8AE4-4122-A5CC-2A43F106DDE9}.Debug|x86.Deploy.0 = Debug|x86
		{F0B7A430-8AE4-4122-A5CC-2A43F106DDE9}.Release|Any CPU.ActiveCfg = Release|x86
		{F0B7A430-8AE4-4122-A5CC-2A43F106DDE9}.Release|ARM.ActiveCfg = Release|ARM
		{F0B7A430-8AE4-4122-A5CC-2A43F106DDE9}.Release|ARM.Build.0 = Release|ARM
		{F0B7A430-8AE4-4122-A5CC-2A43F106DDE9}.Release|ARM.Deploy.0 = Release|ARM
		{F0B7A430-8AE4-4122-A5CC-2A43F106DDE9}.Release|iPhone.ActiveCfg = Release|x86
		{F0B7A430-8AE4-4122-A5CC-2A43F106DDE9}.Release|iPhoneSimulator.ActiveCfg = Release|x86
		{F0B7A430-8AE4-4122-A5CC-2A43F106DDE9}.Release|x64.ActiveCfg = Release|x64
		{F0B7A430-8AE4-4122-A5CC-2A43F106DDE9}.Release|x64.Build.0 = Release|x64
		{F0B7A430-8AE4-4122-A5CC-2A43F106DDE9}.Release|x64.Deploy.0 = Release|x64
		{F0B7A430-8AE4-4122-A5CC-2A43F106DDE9}.Release|x86.ActiveCfg = Release|x86
		{F0B7A430-8AE4-4122-A5CC-2A43F106DDE9}.Release|x86.Build.0 = Release|x86
		{F0B7A430-8AE4-4122-A5CC-2A43F106DDE9}.Release|x86.Deploy.0 = Release|x86
		{EE5BD3E6-0EA3-416E-82E9-A14C1091504A}.Ad-Hoc|Any CPU.ActiveCfg = Release|Any CPU
		{EE5BD3E6-0EA3-416E-82E9-A14C1091504A}.Ad-Hoc|Any CPU.Build.0 = Release|Any CPU
		{EE5BD3E6-0EA3-416E-82E9-A14C1091504A}.Ad-Hoc|ARM.ActiveCfg = Release|Any CPU
		{EE5BD3E6-0EA3-416E-82E9-A14C1091504A}.Ad-Hoc|ARM.Build.0 = Release|Any CPU
		{EE5BD3E6-0EA3-416E-82E9-A14C1091504A}.Ad-Hoc|iPhone.ActiveCfg = Release|Any CPU
		{EE5BD3E6-0EA3-416E-82E9-A14C1091504A}.Ad-Hoc|iPhone.Build.0 = Release|Any CPU
		{EE5BD3E6-0EA3-416E-82E9-A14C1091504A}.Ad-Hoc|iPhoneSimulator.ActiveCfg = Release|Any CPU
		{EE5BD3E6-0EA3-416E-82E9-A14C1091504A}.Ad-Hoc|iPhoneSimulator.Build.0 = Release|Any CPU
		{EE5BD3E6-0EA3-416E-82E9-A14C1091504A}.Ad-Hoc|x64.ActiveCfg = Release|Any CPU
		{EE5BD3E6-0EA3-416E-82E9-A14C1091504A}.Ad-Hoc|x64.Build.0 = Release|Any CPU
		{EE5BD3E6-0EA3-416E-82E9-A14C1091504A}.Ad-Hoc|x86.ActiveCfg = Release|Any CPU
		{EE5BD3E6-0EA3-416E-82E9-A14C1091504A}.Ad-Hoc|x86.Build.0 = Release|Any CPU
		{EE5BD3E6-0EA3-416E-82E9-A14C1091504A}.AppStore|Any CPU.ActiveCfg = Release|Any CPU
		{EE5BD3E6-0EA3-416E-82E9-A14C1091504A}.AppStore|Any CPU.Build.0 = Release|Any CPU
		{EE5BD3E6-0EA3-416E-82E9-A14C1091504A}.AppStore|ARM.ActiveCfg = Release|Any CPU
		{EE5BD3E6-0EA3-416E-82E9-A14C1091504A}.AppStore|ARM.Build.0 = Release|Any CPU
		{EE5BD3E6-0EA3-416E-82E9-A14C1091504A}.AppStore|iPhone.ActiveCfg = Release|Any CPU
		{EE5BD3E6-0EA3-416E-82E9-A14C1091504A}.AppStore|iPhone.Build.0 = Release|Any CPU
		{EE5BD3E6-0EA3-416E-82E9-A14C1091504A}.AppStore|iPhoneSimulator.ActiveCfg = Release|Any CPU
		{EE5BD3E6-0EA3-416E-82E9-A14C1091504A}.AppStore|iPhoneSimulator.Build.0 = Release|Any CPU
		{EE5BD3E6-0EA3-416E-82E9-A14C1091504A}.AppStore|x64.ActiveCfg = Release|Any CPU
		{EE5BD3E6-0EA3-416E-82E9-A14C1091504A}.AppStore|x64.Build.0 = Release|Any CPU
		{EE5BD3E6-0EA3-416E-82E9-A14C1091504A}.AppStore|x86.ActiveCfg = Release|Any CPU
		{EE5BD3E6-0EA3-416E-82E9-A14C1091504A}.AppStore|x86.Build.0 = Release|Any CPU
		{EE5BD3E6-0EA3-416E-82E9-A14C1091504A}.Debug|Any CPU.ActiveCfg = Debug|Any CPU
		{EE5BD3E6-0EA3-416E-82E9-A14C1091504A}.Debug|Any CPU.Build.0 = Debug|Any CPU
		{EE5BD3E6-0EA3-416E-82E9-A14C1091504A}.Debug|ARM.ActiveCfg = Debug|Any CPU
		{EE5BD3E6-0EA3-416E-82E9-A14C1091504A}.Debug|ARM.Build.0 = Debug|Any CPU
		{EE5BD3E6-0EA3-416E-82E9-A14C1091504A}.Debug|iPhone.ActiveCfg = Debug|Any CPU
		{EE5BD3E6-0EA3-416E-82E9-A14C1091504A}.Debug|iPhone.Build.0 = Debug|Any CPU
		{EE5BD3E6-0EA3-416E-82E9-A14C1091504A}.Debug|iPhoneSimulator.ActiveCfg = Debug|Any CPU
		{EE5BD3E6-0EA3-416E-82E9-A14C1091504A}.Debug|iPhoneSimulator.Build.0 = Debug|Any CPU
		{EE5BD3E6-0EA3-416E-82E9-A14C1091504A}.Debug|x64.ActiveCfg = Debug|Any CPU
		{EE5BD3E6-0EA3-416E-82E9-A14C1091504A}.Debug|x64.Build.0 = Debug|Any CPU
		{EE5BD3E6-0EA3-416E-82E9-A14C1091504A}.Debug|x86.ActiveCfg = Debug|Any CPU
		{EE5BD3E6-0EA3-416E-82E9-A14C1091504A}.Debug|x86.Build.0 = Debug|Any CPU
		{EE5BD3E6-0EA3-416E-82E9-A14C1091504A}.Release|Any CPU.ActiveCfg = Release|Any CPU
		{EE5BD3E6-0EA3-416E-82E9-A14C1091504A}.Release|Any CPU.Build.0 = Release|Any CPU
		{EE5BD3E6-0EA3-416E-82E9-A14C1091504A}.Release|ARM.ActiveCfg = Release|Any CPU
		{EE5BD3E6-0EA3-416E-82E9-A14C1091504A}.Release|ARM.Build.0 = Release|Any CPU
		{EE5BD3E6-0EA3-416E-82E9-A14C1091504A}.Release|iPhone.ActiveCfg = Release|Any CPU
		{EE5BD3E6-0EA3-416E-82E9-A14C1091504A}.Release|iPhone.Build.0 = Release|Any CPU
		{EE5BD3E6-0EA3-416E-82E9-A14C1091504A}.Release|iPhoneSimulator.ActiveCfg = Release|Any CPU
		{EE5BD3E6-0EA3-416E-82E9-A14C1091504A}.Release|iPhoneSimulator.Build.0 = Release|Any CPU
		{EE5BD3E6-0EA3-416E-82E9-A14C1091504A}.Release|x64.ActiveCfg = Release|Any CPU
		{EE5BD3E6-0EA3-416E-82E9-A14C1091504A}.Release|x64.Build.0 = Release|Any CPU
		{EE5BD3E6-0EA3-416E-82E9-A14C1091504A}.Release|x86.ActiveCfg = Release|Any CPU
		{EE5BD3E6-0EA3-416E-82E9-A14C1091504A}.Release|x86.Build.0 = Release|Any CPU
	EndGlobalSection
	GlobalSection(SolutionProperties) = preSolution
		HideSolutionNode = FALSE
	EndGlobalSection
	GlobalSection(NestedProjects) = preSolution
		{63693CCF-5B0F-42BB-A40C-9913696B68DF} = {E74284B6-C47C-4B4A-831C-6DB1B6E394B3}
		{3319C97B-B5BF-4D8A-ACEE-C20EED404467} = {E74284B6-C47C-4B4A-831C-6DB1B6E394B3}
		{5E4F4207-8BD1-474B-B9B6-3CD120AA3359} = {E74284B6-C47C-4B4A-831C-6DB1B6E394B3}
		{F0B7A430-8AE4-4122-A5CC-2A43F106DDE9} = {E74284B6-C47C-4B4A-831C-6DB1B6E394B3}
		{F452249F-6F33-49B2-8730-90417F021FDC} = {E74284B6-C47C-4B4A-831C-6DB1B6E394B3}
		{EE5BD3E6-0EA3-416E-82E9-A14C1091504A} = {E74284B6-C47C-4B4A-831C-6DB1B6E394B3}
	EndGlobalSection
	GlobalSection(ExtensibilityGlobals) = postSolution
		SolutionGuid = {03B4B4F4-35B7-417A-A457-8A6C256F12BF}
	EndGlobalSection
EndGlobal
